// !$*UTF8*$!
{
	archiveVersion = 1;
	classes = {
	};
	objectVersion = 50;
	objects = {

/* Begin PBXBuildFile section */
		2E63850F8C98228E9C6B373E /* Pods_MovieFetcher.framework in Frameworks */ = {isa = PBXBuildFile; fileRef = BD8CFA9733CCE86775E806A8 /* Pods_MovieFetcher.framework */; };
		AC13D2782269119A00E410B7 /* AppDelegate.swift in Sources */ = {isa = PBXBuildFile; fileRef = AC13D2772269119A00E410B7 /* AppDelegate.swift */; };
		AC13D27A2269119A00E410B7 /* ViewController.swift in Sources */ = {isa = PBXBuildFile; fileRef = AC13D2792269119A00E410B7 /* ViewController.swift */; };
		AC13D27D2269119A00E410B7 /* Main.storyboard in Resources */ = {isa = PBXBuildFile; fileRef = AC13D27B2269119A00E410B7 /* Main.storyboard */; };
		AC13D27F2269119C00E410B7 /* Assets.xcassets in Resources */ = {isa = PBXBuildFile; fileRef = AC13D27E2269119C00E410B7 /* Assets.xcassets */; };
		AC13D2822269119C00E410B7 /* LaunchScreen.storyboard in Resources */ = {isa = PBXBuildFile; fileRef = AC13D2802269119C00E410B7 /* LaunchScreen.storyboard */; };
		AC13D28A2269126800E410B7 /* MovieTableViewCell.swift in Sources */ = {isa = PBXBuildFile; fileRef = AC13D2892269126800E410B7 /* MovieTableViewCell.swift */; };
		AC13D28C226916F000E410B7 /* MovieFetcher.swift in Sources */ = {isa = PBXBuildFile; fileRef = AC13D28B226916F000E410B7 /* MovieFetcher.swift */; };
		AC13D28E2269192400E410B7 /* Movie.swift in Sources */ = {isa = PBXBuildFile; fileRef = AC13D28D2269192400E410B7 /* Movie.swift */; };
		AC13D29022691AAB00E410B7 /* Constants.swift in Sources */ = {isa = PBXBuildFile; fileRef = AC13D28F22691AAB00E410B7 /* Constants.swift */; };
/* End PBXBuildFile section */

/* Begin PBXFileReference section */
		1C939DD5E2DF482F0964CAD2 /* Pods-MovieFetcher.debug.xcconfig */ = {isa = PBXFileReference; includeInIndex = 1; lastKnownFileType = text.xcconfig; name = "Pods-MovieFetcher.debug.xcconfig"; path = "Pods/Target Support Files/Pods-MovieFetcher/Pods-MovieFetcher.debug.xcconfig"; sourceTree = "<group>"; };
		83A03D24697AD39B76D0481F /* Pods-MovieFetcher.release.xcconfig */ = {isa = PBXFileReference; includeInIndex = 1; lastKnownFileType = text.xcconfig; name = "Pods-MovieFetcher.release.xcconfig"; path = "Pods/Target Support Files/Pods-MovieFetcher/Pods-MovieFetcher.release.xcconfig"; sourceTree = "<group>"; };
		AC13D2742269119A00E410B7 /* MovieFetcher.app */ = {isa = PBXFileReference; explicitFileType = wrapper.application; includeInIndex = 0; path = MovieFetcher.app; sourceTree = BUILT_PRODUCTS_DIR; };
		AC13D2772269119A00E410B7 /* AppDelegate.swift */ = {isa = PBXFileReference; lastKnownFileType = sourcecode.swift; path = AppDelegate.swift; sourceTree = "<group>"; };
		AC13D2792269119A00E410B7 /* ViewController.swift */ = {isa = PBXFileReference; lastKnownFileType = sourcecode.swift; path = ViewController.swift; sourceTree = "<group>"; };
		AC13D27C2269119A00E410B7 /* Base */ = {isa = PBXFileReference; lastKnownFileType = file.storyboard; name = Base; path = Base.lproj/Main.storyboard; sourceTree = "<group>"; };
		AC13D27E2269119C00E410B7 /* Assets.xcassets */ = {isa = PBXFileReference; lastKnownFileType = folder.assetcatalog; path = Assets.xcassets; sourceTree = "<group>"; };
		AC13D2812269119C00E410B7 /* Base */ = {isa = PBXFileReference; lastKnownFileType = file.storyboard; name = Base; path = Base.lproj/LaunchScreen.storyboard; sourceTree = "<group>"; };
		AC13D2832269119C00E410B7 /* Info.plist */ = {isa = PBXFileReference; lastKnownFileType = text.plist.xml; path = Info.plist; sourceTree = "<group>"; };
		AC13D2892269126800E410B7 /* MovieTableViewCell.swift */ = {isa = PBXFileReference; lastKnownFileType = sourcecode.swift; path = MovieTableViewCell.swift; sourceTree = "<group>"; };
		AC13D28B226916F000E410B7 /* MovieFetcher.swift */ = {isa = PBXFileReference; lastKnownFileType = sourcecode.swift; path = MovieFetcher.swift; sourceTree = "<group>"; };
		AC13D28D2269192400E410B7 /* Movie.swift */ = {isa = PBXFileReference; lastKnownFileType = sourcecode.swift; path = Movie.swift; sourceTree = "<group>"; };
		AC13D28F22691AAB00E410B7 /* Constants.swift */ = {isa = PBXFileReference; lastKnownFileType = sourcecode.swift; path = Constants.swift; sourceTree = "<group>"; };
		BD8CFA9733CCE86775E806A8 /* Pods_MovieFetcher.framework */ = {isa = PBXFileReference; explicitFileType = wrapper.framework; includeInIndex = 0; path = Pods_MovieFetcher.framework; sourceTree = BUILT_PRODUCTS_DIR; };
/* End PBXFileReference section */

/* Begin PBXFrameworksBuildPhase section */
		AC13D2712269119A00E410B7 /* Frameworks */ = {
			isa = PBXFrameworksBuildPhase;
			buildActionMask = 2147483647;
			files = (
				2E63850F8C98228E9C6B373E /* Pods_MovieFetcher.framework in Frameworks */,
			);
			runOnlyForDeploymentPostprocessing = 0;
		};
/* End PBXFrameworksBuildPhase section */

/* Begin PBXGroup section */
		AC13D26B2269119A00E410B7 = {
			isa = PBXGroup;
			children = (
				AC13D2762269119A00E410B7 /* MovieFetcher */,
				AC13D2752269119A00E410B7 /* Products */,
				F99F055624BFA62DEC931BB1 /* Pods */,
				E25BF6EA6AD5B10A806A99E4 /* Frameworks */,
			);
			sourceTree = "<group>";
		};
		AC13D2752269119A00E410B7 /* Products */ = {
			isa = PBXGroup;
			children = (
				AC13D2742269119A00E410B7 /* MovieFetcher.app */,
			);
			name = Products;
			sourceTree = "<group>";
		};
		AC13D2762269119A00E410B7 /* MovieFetcher */ = {
			isa = PBXGroup;
			children = (
				AC13D2772269119A00E410B7 /* AppDelegate.swift */,
				AC13D2792269119A00E410B7 /* ViewController.swift */,
				AC13D27B2269119A00E410B7 /* Main.storyboard */,
				AC13D27E2269119C00E410B7 /* Assets.xcassets */,
				AC13D2802269119C00E410B7 /* LaunchScreen.storyboard */,
				AC13D2832269119C00E410B7 /* Info.plist */,
				AC13D2892269126800E410B7 /* MovieTableViewCell.swift */,
				AC13D28B226916F000E410B7 /* MovieFetcher.swift */,
				AC13D28D2269192400E410B7 /* Movie.swift */,
				AC13D28F22691AAB00E410B7 /* Constants.swift */,
			);
			path = MovieFetcher;
			sourceTree = "<group>";
		};
		E25BF6EA6AD5B10A806A99E4 /* Frameworks */ = {
			isa = PBXGroup;
			children = (
				BD8CFA9733CCE86775E806A8 /* Pods_MovieFetcher.framework */,
			);
			name = Frameworks;
			sourceTree = "<group>";
		};
		F99F055624BFA62DEC931BB1 /* Pods */ = {
			isa = PBXGroup;
			children = (
				1C939DD5E2DF482F0964CAD2 /* Pods-MovieFetcher.debug.xcconfig */,
				83A03D24697AD39B76D0481F /* Pods-MovieFetcher.release.xcconfig */,
			);
			name = Pods;
			sourceTree = "<group>";
		};
/* End PBXGroup section */

/* Begin PBXNativeTarget section */
		AC13D2732269119A00E410B7 /* MovieFetcher */ = {
			isa = PBXNativeTarget;
			buildConfigurationList = AC13D2862269119C00E410B7 /* Build configuration list for PBXNativeTarget "MovieFetcher" */;
			buildPhases = (
				29E2988676C5E4F6F41D3960 /* [CP] Check Pods Manifest.lock */,
				AC13D2702269119A00E410B7 /* Sources */,
				AC13D2712269119A00E410B7 /* Frameworks */,
				AC13D2722269119A00E410B7 /* Resources */,
				8ED0F023B7635FFDEFE13723 /* [CP] Embed Pods Frameworks */,
			);
			buildRules = (
			);
			dependencies = (
			);
			name = MovieFetcher;
			productName = MovieFetcher;
			productReference = AC13D2742269119A00E410B7 /* MovieFetcher.app */;
			productType = "com.apple.product-type.application";
		};
/* End PBXNativeTarget section */

/* Begin PBXProject section */
		AC13D26C2269119A00E410B7 /* Project object */ = {
			isa = PBXProject;
			attributes = {
				LastSwiftUpdateCheck = 1020;
				LastUpgradeCheck = 1020;
				ORGANIZATIONNAME = "Vlad Preda";
				TargetAttributes = {
					AC13D2732269119A00E410B7 = {
						CreatedOnToolsVersion = 10.2;
					};
				};
			};
			buildConfigurationList = AC13D26F2269119A00E410B7 /* Build configuration list for PBXProject "MovieFetcher" */;
			compatibilityVersion = "Xcode 9.3";
			developmentRegion = en;
			hasScannedForEncodings = 0;
			knownRegions = (
				en,
				Base,
			);
			mainGroup = AC13D26B2269119A00E410B7;
			productRefGroup = AC13D2752269119A00E410B7 /* Products */;
			projectDirPath = "";
			projectRoot = "";
			targets = (
				AC13D2732269119A00E410B7 /* MovieFetcher */,
			);
		};
/* End PBXProject section */

/* Begin PBXResourcesBuildPhase section */
		AC13D2722269119A00E410B7 /* Resources */ = {
			isa = PBXResourcesBuildPhase;
			buildActionMask = 2147483647;
			files = (
				AC13D2822269119C00E410B7 /* LaunchScreen.storyboard in Resources */,
				AC13D27F2269119C00E410B7 /* Assets.xcassets in Resources */,
				AC13D27D2269119A00E410B7 /* Main.storyboard in Resources */,
			);
			runOnlyForDeploymentPostprocessing = 0;
		};
/* End PBXResourcesBuildPhase section */

/* Begin PBXShellScriptBuildPhase section */
		29E2988676C5E4F6F41D3960 /* [CP] Check Pods Manifest.lock */ = {
			isa = PBXShellScriptBuildPhase;
			buildActionMask = 2147483647;
			files = (
			);
			inputFileListPaths = (
			);
			inputPaths = (
				"${PODS_PODFILE_DIR_PATH}/Podfile.lock",
				"${PODS_ROOT}/Manifest.lock",
			);
			name = "[CP] Check Pods Manifest.lock";
			outputFileListPaths = (
			);
			outputPaths = (
				"$(DERIVED_FILE_DIR)/Pods-MovieFetcher-checkManifestLockResult.txt",
			);
			runOnlyForDeploymentPostprocessing = 0;
			shellPath = /bin/sh;
			shellScript = "diff \"${PODS_PODFILE_DIR_PATH}/Podfile.lock\" \"${PODS_ROOT}/Manifest.lock\" > /dev/null\nif [ $? != 0 ] ; then\n    # print error to STDERR\n    echo \"error: The sandbox is not in sync with the Podfile.lock. Run 'pod install' or update your CocoaPods installation.\" >&2\n    exit 1\nfi\n# This output is used by Xcode 'outputs' to avoid re-running this script phase.\necho \"SUCCESS\" > \"${SCRIPT_OUTPUT_FILE_0}\"\n";
			showEnvVarsInLog = 0;
		};
		8ED0F023B7635FFDEFE13723 /* [CP] Embed Pods Frameworks */ = {
			isa = PBXShellScriptBuildPhase;
			buildActionMask = 2147483647;
			files = (
			);
			inputFileListPaths = (
			);
			inputPaths = (
				"${SRCROOT}/Pods/Target Support Files/Pods-MovieFetcher/Pods-MovieFetcher-frameworks.sh",
				"${BUILT_PRODUCTS_DIR}/Alamofire/Alamofire.framework",
				"${BUILT_PRODUCTS_DIR}/Kingfisher/Kingfisher.framework",
			);
			name = "[CP] Embed Pods Frameworks";
			outputFileListPaths = (
			);
			outputPaths = (
				"${TARGET_BUILD_DIR}/${FRAMEWORKS_FOLDER_PATH}/Alamofire.framework",
				"${TARGET_BUILD_DIR}/${FRAMEWORKS_FOLDER_PATH}/Kingfisher.framework",
			);
			runOnlyForDeploymentPostprocessing = 0;
			shellPath = /bin/sh;
			shellScript = "\"${SRCROOT}/Pods/Target Support Files/Pods-MovieFetcher/Pods-MovieFetcher-frameworks.sh\"\n";
			showEnvVarsInLog = 0;
		};
/* End PBXShellScriptBuildPhase section */

/* Begin PBXSourcesBuildPhase section */
		AC13D2702269119A00E410B7 /* Sources */ = {
			isa = PBXSourcesBuildPhase;
			buildActionMask = 2147483647;
			files = (
				AC13D27A2269119A00E410B7 /* ViewController.swift in Sources */,
				AC13D2782269119A00E410B7 /* AppDelegate.swift in Sources */,
				AC13D28C226916F000E410B7 /* MovieFetcher.swift in Sources */,
				AC13D28A2269126800E410B7 /* MovieTableViewCell.swift in Sources */,
				AC13D28E2269192400E410B7 /* Movie.swift in Sources */,
				AC13D29022691AAB00E410B7 /* Constants.swift in Sources */,
			);
			runOnlyForDeploymentPostprocessing = 0;
		};
/* End PBXSourcesBuildPhase section */

/* Begin PBXVariantGroup section */
		AC13D27B2269119A00E410B7 /* Main.storyboard */ = {
			isa = PBXVariantGroup;
			children = (
				AC13D27C2269119A00E410B7 /* Base */,
			);
			name = Main.storyboard;
			sourceTree = "<group>";
		};
		AC13D2802269119C00E410B7 /* LaunchScreen.storyboard */ = {
			isa = PBXVariantGroup;
			children = (
				AC13D2812269119C00E410B7 /* Base */,
			);
			name = LaunchScreen.storyboard;
			sourceTree = "<group>";
		};
/* End PBXVariantGroup section */

/* Begin XCBuildConfiguration section */
		AC13D2842269119C00E410B7 /* Debug */ = {
			isa = XCBuildConfiguration;
			buildSettings = {
				ALWAYS_SEARCH_USER_PATHS = NO;
				CLANG_ANALYZER_NONNULL = YES;
				CLANG_ANALYZER_NUMBER_OBJECT_CONVERSION = YES_AGGRESSIVE;
				CLANG_CXX_LANGUAGE_STANDARD = "gnu++14";
				CLANG_CXX_LIBRARY = "libc++";
				CLANG_ENABLE_MODULES = YES;
				CLANG_ENABLE_OBJC_ARC = YES;
				CLANG_ENABLE_OBJC_WEAK = YES;
				CLANG_WARN_BLOCK_CAPTURE_AUTORELEASING = YES;
				CLANG_WARN_BOOL_CONVERSION = YES;
				CLANG_WARN_COMMA = YES;
				CLANG_WARN_CONSTANT_CONVERSION = YES;
				CLANG_WARN_DEPRECATED_OBJC_IMPLEMENTATIONS = YES;
				CLANG_WARN_DIRECT_OBJC_ISA_USAGE = YES_ERROR;
				CLANG_WARN_DOCUMENTATION_COMMENTS = YES;
				CLANG_WARN_EMPTY_BODY = YES;
				CLANG_WARN_ENUM_CONVERSION = YES;
				CLANG_WARN_INFINITE_RECURSION = YES;
				CLANG_WARN_INT_CONVERSION = YES;
				CLANG_WARN_NON_LITERAL_NULL_CONVERSION = YES;
				CLANG_WARN_OBJC_IMPLICIT_RETAIN_SELF = YES;
				CLANG_WARN_OBJC_LITERAL_CONVERSION = YES;
				CLANG_WARN_OBJC_ROOT_CLASS = YES_ERROR;
				CLANG_WARN_RANGE_LOOP_ANALYSIS = YES;
				CLANG_WARN_STRICT_PROTOTYPES = YES;
				CLANG_WARN_SUSPICIOUS_MOVE = YES;
				CLANG_WARN_UNGUARDED_AVAILABILITY = YES_AGGRESSIVE;
				CLANG_WARN_UNREACHABLE_CODE = YES;
				CLANG_WARN__DUPLICATE_METHOD_MATCH = YES;
				CODE_SIGN_IDENTITY = "iPhone Developer";
				COPY_PHASE_STRIP = NO;
				DEBUG_INFORMATION_FORMAT = dwarf;
				ENABLE_STRICT_OBJC_MSGSEND = YES;
				ENABLE_TESTABILITY = YES;
				GCC_C_LANGUAGE_STANDARD = gnu11;
				GCC_DYNAMIC_NO_PIC = NO;
				GCC_NO_COMMON_BLOCKS = YES;
				GCC_OPTIMIZATION_LEVEL = 0;
				GCC_PREPROCESSOR_DEFINITIONS = (
					"DEBUG=1",
					"$(inherited)",
				);
				GCC_WARN_64_TO_32_BIT_CONVERSION = YES;
				GCC_WARN_ABOUT_RETURN_TYPE = YES_ERROR;
				GCC_WARN_UNDECLARED_SELECTOR = YES;
				GCC_WARN_UNINITIALIZED_AUTOS = YES_AGGRESSIVE;
				GCC_WARN_UNUSED_FUNCTION = YES;
				GCC_WARN_UNUSED_VARIABLE = YES;
				IPHONEOS_DEPLOYMENT_TARGET = 12.2;
				MTL_ENABLE_DEBUG_INFO = INCLUDE_SOURCE;
				MTL_FAST_MATH = YES;
				ONLY_ACTIVE_ARCH = YES;
				SDKROOT = iphoneos;
				SWIFT_ACTIVE_COMPILATION_CONDITIONS = DEBUG;
				SWIFT_OPTIMIZATION_LEVEL = "-Onone";
			};
			name = Debug;
		};
		AC13D2852269119C00E410B7 /* Release */ = {
			isa = XCBuildConfiguration;
			buildSettings = {
				ALWAYS_SEARCH_USER_PATHS = NO;
				CLANG_ANALYZER_NONNULL = YES;
				CLANG_ANALYZER_NUMBER_OBJECT_CONVERSION = YES_AGGRESSIVE;
				CLANG_CXX_LANGUAGE_STANDARD = "gnu++14";
				CLANG_CXX_LIBRARY = "libc++";
				CLANG_ENABLE_MODULES = YES;
				CLANG_ENABLE_OBJC_ARC = YES;
				CLANG_ENABLE_OBJC_WEAK = YES;
				CLANG_WARN_BLOCK_CAPTURE_AUTORELEASING = YES;
				CLANG_WARN_BOOL_CONVERSION = YES;
				CLANG_WARN_COMMA = YES;
				CLANG_WARN_CONSTANT_CONVERSION = YES;
				CLANG_WARN_DEPRECATED_OBJC_IMPLEMENTATIONS = YES;
				CLANG_WARN_DIRECT_OBJC_ISA_USAGE = YES_ERROR;
				CLANG_WARN_DOCUMENTATION_COMMENTS = YES;
				CLANG_WARN_EMPTY_BODY = YES;
				CLANG_WARN_ENUM_CONVERSION = YES;
				CLANG_WARN_INFINITE_RECURSION = YES;
				CLANG_WARN_INT_CONVERSION = YES;
				CLANG_WARN_NON_LITERAL_NULL_CONVERSION = YES;
				CLANG_WARN_OBJC_IMPLICIT_RETAIN_SELF = YES;
				CLANG_WARN_OBJC_LITERAL_CONVERSION = YES;
				CLANG_WARN_OBJC_ROOT_CLASS = YES_ERROR;
				CLANG_WARN_RANGE_LOOP_ANALYSIS = YES;
				CLANG_WARN_STRICT_PROTOTYPES = YES;
				CLANG_WARN_SUSPICIOUS_MOVE = YES;
				CLANG_WARN_UNGUARDED_AVAILABILITY = YES_AGGRESSIVE;
				CLANG_WARN_UNREACHABLE_CODE = YES;
				CLANG_WARN__DUPLICATE_METHOD_MATCH = YES;
				CODE_SIGN_IDENTITY = "iPhone Developer";
				COPY_PHASE_STRIP = NO;
				DEBUG_INFORMATION_FORMAT = "dwarf-with-dsym";
				ENABLE_NS_ASSERTIONS = NO;
				ENABLE_STRICT_OBJC_MSGSEND = YES;
				GCC_C_LANGUAGE_STANDARD = gnu11;
				GCC_NO_COMMON_BLOCKS = YES;
				GCC_WARN_64_TO_32_BIT_CONVERSION = YES;
				GCC_WARN_ABOUT_RETURN_TYPE = YES_ERROR;
				GCC_WARN_UNDECLARED_SELECTOR = YES;
				GCC_WARN_UNINITIALIZED_AUTOS = YES_AGGRESSIVE;
				GCC_WARN_UNUSED_FUNCTION = YES;
				GCC_WARN_UNUSED_VARIABLE = YES;
				IPHONEOS_DEPLOYMENT_TARGET = 12.2;
				MTL_ENABLE_DEBUG_INFO = NO;
				MTL_FAST_MATH = YES;
				SDKROOT = iphoneos;
				SWIFT_COMPILATION_MODE = wholemodule;
				SWIFT_OPTIMIZATION_LEVEL = "-O";
				VALIDATE_PRODUCT = YES;
			};
			name = Release;
		};
		AC13D2872269119C00E410B7 /* Debug */ = {
			isa = XCBuildConfiguration;
			baseConfigurationReference = 1C939DD5E2DF482F0964CAD2 /* Pods-MovieFetcher.debug.xcconfig */;
			buildSettings = {
				ASSETCATALOG_COMPILER_APPICON_NAME = AppIcon;
				CODE_SIGN_STYLE = Automatic;
				DEVELOPMENT_TEAM = RCDX7PV5JN;
				INFOPLIST_FILE = MovieFetcher/Info.plist;
				IPHONEOS_DEPLOYMENT_TARGET = 10.0;
				LD_RUNPATH_SEARCH_PATHS = (
					"$(inherited)",
					"@executable_path/Frameworks",
				);
				PRODUCT_BUNDLE_IDENTIFIER = com.NadalSorceries.MovieFetcher;
				PRODUCT_NAME = "$(TARGET_NAME)";
				SWIFT_VERSION = 5.0;
				TARGETED_DEVICE_FAMILY = 1;
			};
			name = Debug;
		};
		AC13D2882269119C00E410B7 /* Release */ = {
			isa = XCBuildConfiguration;
			baseConfigurationReference = 83A03D24697AD39B76D0481F /* Pods-MovieFetcher.release.xcconfig */;
			buildSettings = {
				ASSETCATALOG_COMPILER_APPICON_NAME = AppIcon;
				CODE_SIGN_STYLE = Automatic;
				DEVELOPMENT_TEAM = RCDX7PV5JN;
				INFOPLIST_FILE = MovieFetcher/Info.plist;
				IPHONEOS_DEPLOYMENT_TARGET = 10.0;
				LD_RUNPATH_SEARCH_PATHS = (
					"$(inherited)",
					"@executable_path/Frameworks",
				);
				PRODUCT_BUNDLE_IDENTIFIER = com.NadalSorceries.MovieFetcher;
				PRODUCT_NAME = "$(TARGET_NAME)";
				SWIFT_VERSION = 5.0;
				TARGETED_DEVICE_FAMILY = 1;
			};
			name = Release;
		};
/* End XCBuildConfiguration section */

/* Begin XCConfigurationList section */
		AC13D26F2269119A00E410B7 /* Build configuration list for PBXProject "MovieFetcher" */ = {
			isa = XCConfigurationList;
			buildConfigurations = (
				AC13D2842269119C00E410B7 /* Debug */,
				AC13D2852269119C00E410B7 /* Release */,
			);
			defaultConfigurationIsVisible = 0;
			defaultConfigurationName = Release;
		};
		AC13D2862269119C00E410B7 /* Build configuration list for PBXNativeTarget "MovieFetcher" */ = {
			isa = XCConfigurationList;
			buildConfigurations = (
				AC13D2872269119C00E410B7 /* Debug */,
				AC13D2882269119C00E410B7 /* Release */,
			);
			defaultConfigurationIsVisible = 0;
			defaultConfigurationName = Release;
		};
/* End XCConfigurationList section */
	};
	rootObject = AC13D26C2269119A00E410B7 /* Project object */;
}
